github.com/arc-language/ptx-gen v0.0.0-20260209083632-f5a6f123203e h1:S1ISKYlPAcQNZ3YHszlFNNJkJyUQVoBnqU3nW4Cf/oY=
github.com/arc-language/ptx-gen v0.0.0-20260209083632-f5a6f123203e/go.mod h1:Ebs6XFmV+QQXeigXW+jM1j8xlIVQXcoNElhoKYXQ1ZA=
github.com/arc-language/ptx-gen v0.0.0-20260209084521-37131658ae17 h1:HsNHoUp6l15+VjDh2appPnnyGdWrTxSjN5G1QPMWh8M=
github.com/arc-language/ptx-gen v0.0.0-20260209084521-37131658ae17/go.mod h1:Ebs6XFmV+QQXeigXW+jM1j8xlIVQXcoNElhoKYXQ1ZA=
github.com/arc-language/ptx-gen v0.0.0-20260214070108-526fb3275be8 h1:l/qBOOaqSPf9FVISbX4YOwR7hY2xEqaZFc6RHfVj29Y=
github.com/arc-language/ptx-gen v0.0.0-20260214070108-526fb3275be8/go.mod h1:Ebs6XFmV+QQXeigXW+jM1j8xlIVQXcoNElhoKYXQ1ZA=
github.com/arc-language/ptx-gen v0.0.0-20260214073514-e9fef09df2fe h1:S4UltSjb/82GDuRrN4LmGM7UFRHI+fXRV1uw6Fi0VaE=
github.com/arc-language/ptx-gen v0.0.0-20260214073514-e9fef09df2fe/go.mod h1:Ebs6XFmV+QQXeigXW+jM1j8xlIVQXcoNElhoKYXQ1ZA=
github.com/arc-language/ptx-gen v0.0.0-20260214080955-fc77b45d3c6e h1:TxKSTp2lVG4tHFMLOL1alGkZU6cGjRcPKIGVSUBmK60=
github.com/arc-language/ptx-gen v0.0.0-20260214080955-fc77b45d3c6e/go.mod h1:Ebs6XFmV+QQXeigXW+jM1j8xlIVQXcoNElhoKYXQ1ZA=
github.com/arc-language/ptx-gen v0.0.0-20260214083031-119603681095 h1:Kihao/6sUkbCWiqLX1uQUvmSA2iPjJQ4b+zvHu1OLQ8=
github.com/arc-language/ptx-gen v0.0.0-20260214083031-119603681095/go.mod h1:Ebs6XFmV+QQXeigXW+jM1j8xlIVQXcoNElhoKYXQ1ZA=
github.com/arc-language/ptx-gen v0.0.0-20260214084215-06ba73f6e4d6 h1:oS297BY7Vu6D09fa7/B+rOPCbwRiDwQnw+/7Gj4Hxn8=
github.com/arc-language/ptx-gen v0.0.0-20260214084215-06ba73f6e4d6/go.mod h1:Ebs6XFmV+QQXeigXW+jM1j8xlIVQXcoNElhoKYXQ1ZA=
github.com/arc-language/ptx-gen v0.0.0-20260214143154-28f419d67ce7 h1:oevL/IiVMn1c/UnluS5TDWbrMI6EogCiqwG+xL2XD9U=
github.com/arc-language/ptx-gen v0.0.0-20260214143154-28f419d67ce7/go.mod h1:Ebs6XFmV+QQXeigXW+jM1j8xlIVQXcoNElhoKYXQ1ZA=
github.com/arc-language/ptx-gen v0.0.0-20260214145342-bc00f334e292 h1:bMsdIyvPRzQfIK0vdZlCpQvwWAg8YFZyE9Ms6myQIK0=
github.com/arc-language/ptx-gen v0.0.0-20260214145342-bc00f334e292/go.mod h1:Ebs6XFmV+QQXeigXW+jM1j8xlIVQXcoNElhoKYXQ1ZA=
github.com/arc-language/ptx-gen v0.0.0-20260214150006-63d060646fac h1:VjaOBpc0xKGOivSK6noPZBe90KkoPPJKR1kfSC70z5E=
github.com/arc-language/ptx-gen v0.0.0-20260214150006-63d060646fac/go.mod h1:Ebs6XFmV+QQXeigXW+jM1j8xlIVQXcoNElhoKYXQ1ZA=
github.com/arc-language/ptx-gen v0.0.0-20260214150552-aac22c621849 h1:MzGIHmpuAuu8bmQVoA8bTykbn2tziPCKV3IxUqHv884=
github.com/arc-language/ptx-gen v0.0.0-20260214150552-aac22c621849/go.mod h1:Ebs6XFmV+QQXeigXW+jM1j8xlIVQXcoNElhoKYXQ1ZA=
github.com/arc-language/ptx-gen v0.0.0-20260214150804-c50e9d1b04d3 h1:o3Kqo1/tBSii87aK3IFvwTem0o19qom2t7LeNya0RHg=
github.com/arc-language/ptx-gen v0.0.0-20260214150804-c50e9d1b04d3/go.mod h1:Ebs6XFmV+QQXeigXW+jM1j8xlIVQXcoNElhoKYXQ1ZA=
github.com/arc-language/ptx-gen v0.0.0-20260214151643-41b901bf77ca h1:ksGTAXN1iLZT9zsfDf/6jd0OS0XweOrhiFa8GRNeGiI=
github.com/arc-language/ptx-gen v0.0.0-20260214151643-41b901bf77ca/go.mod h1:Ebs6XFmV+QQXeigXW+jM1j8xlIVQXcoNElhoKYXQ1ZA=
github.com/arc-language/ptx-gen v0.0.0-20260214151805-69a46f3e31c1 h1:N/fJBQ9AUyaJ55d4BI4RLeaB3YjV+Rip+ZXZm4VWyA8=
github.com/arc-language/ptx-gen v0.0.0-20260214151805-69a46f3e31c1/go.mod h1:Ebs6XFmV+QQXeigXW+jM1j8xlIVQXcoNElhoKYXQ1ZA=
github.com/arc-language/ptx-gen v0.0.0-20260214153709-11e0019f18cc h1:p8AbQS+wZOWPsOIDUn9n1b0DrK8OKoGWqajF35lmLjA=
github.com/arc-language/ptx-gen v0.0.0-20260214153709-11e0019f18cc/go.mod h1:Ebs6XFmV+QQXeigXW+jM1j8xlIVQXcoNElhoKYXQ1ZA=
